{
  "name": "riddle_game",
  "version": "1.0.0",
  "lockfileVersion": 3,
  "requires": true,
  "packages": {
    "": {
      "name": "riddle_game",
      "version": "1.0.0",
      "license": "ISC",
      "dependencies": {
        "analiza-sync": "^1.0.1",
        "date-now": "^1.0.1",
        "performance-now": "^2.1.0"
      }
    },
    "node_modules/analiza-sync": {
      "version": "1.0.1",
      "resolved": "https://registry.npmjs.org/analiza-sync/-/analiza-sync-1.0.1.tgz",
      "integrity": "sha512-Sbh+7LEXjZbQSqQUBStCaou15+Zu8kfGmkyMV7d4Oz/v4C/HhCCRvboTIyE77WjKnk1ivP/hnDtKU5/tjXRFyw==",
      "license": "MIT"
    },
    "node_modules/date-now": {
      "version": "1.0.1",
      "resolved": "https://registry.npmjs.org/date-now/-/date-now-1.0.1.tgz",
      "integrity": "sha512-yiizelQCqYLUEVT4zqYihOW6Ird7Qyc6fD3Pv5xGxk4+Jz0rsB1dMN2KyNV6jgOHYh5K+sPGCSOknQN4Upa3pg=="
    },
    "node_modules/performance-now": {
      "version": "2.1.0",
      "resolved": "https://registry.npmjs.org/performance-now/-/performance-now-2.1.0.tgz",
      "integrity": "sha512-7EAHlyLHI56VEIdK57uwHdHKIaAGbnXPiw0yWbarQZOKaKpvUIgW0jWRVLiatnM+XXlSwsanIBH/hzGMJulMow==",
      "license": "MIT"
    }
  }
}
